
Microsoft Visual Studio Solution File, Format Version 12.00
# Visual Studio Version 16
VisualStudioVersion = 16.0.29424.173
MinimumVisualStudioVersion = 10.0.40219.1
Project("{FAE04EC0-301F-11D3-BF4B-00C04F79EFBC}") = "Miki.API.Images", "Miki.API.Images\Miki.API.Images.csproj", "{AA62EFC3-BA7E-4FAC-89C8-18ED66A5ED48}"
EndProject
Project("{9A19103F-16F7-4668-BE54-9A1E7A4F7556}") = "Miki.API.Images.Tests", "Miki.API.Images.Tests\Miki.API.Images.Tests.csproj", "{D9B41632-B8D6-40A3-8C54-C95C1FF525E6}"
EndProject
Global
	GlobalSection(SolutionConfigurationPlatforms) = preSolution
		Debug|Any CPU = Debug|Any CPU
		Release|Any CPU = Release|Any CPU
	EndGlobalSection
	GlobalSection(ProjectConfigurationPlatforms) = postSolution
		{AA62EFC3-BA7E-4FAC-89C8-18ED66A5ED48}.Debug|Any CPU.ActiveCfg = Debug|Any CPU
		{AA62EFC3-BA7E-4FAC-89C8-18ED66A5ED48}.Debug|Any CPU.Build.0 = Debug|Any CPU
		{AA62EFC3-BA7E-4FAC-89C8-18ED66A5ED48}.Release|Any CPU.ActiveCfg = Release|Any CPU
		{AA62EFC3-BA7E-4FAC-89C8-18ED66A5ED48}.Release|Any CPU.Build.0 = Release|Any CPU
		{D9B41632-B8D6-40A3-8C54-C95C1FF525E6}.Debug|Any CPU.ActiveCfg = Debug|Any CPU
		{D9B41632-B8D6-40A3-8C54-C95C1FF525E6}.Debug|Any CPU.Build.0 = Debug|Any CPU
		{D9B41632-B8D6-40A3-8C54-C95C1FF525E6}.Release|Any CPU.ActiveCfg = Release|Any CPU
		{D9B41632-B8D6-40A3-8C54-C95C1FF525E6}.Release|Any CPU.Build.0 = Release|Any CPU
	EndGlobalSection
	GlobalSection(SolutionProperties) = preSolution
		HideSolutionNode = FALSE
	EndGlobalSection
	GlobalSection(ExtensibilityGlobals) = postSolution
		SolutionGuid = {1CE187D2-8805-4389-B106-7FD9891DCF1C}
	EndGlobalSection
EndGlobal
